// !$*UTF8*$!
{
	archiveVersion = 1;
	classes = {
	};
	objectVersion = 77;
	objects = {

/* Begin PBXContainerItemProxy section */
		E31B52812E370154008ED233 /* PBXContainerItemProxy */ = {
			isa = PBXContainerItemProxy;
			containerPortal = E31B526B2E370153008ED233 /* Project object */;
			proxyType = 1;
			remoteGlobalIDString = E31B52722E370153008ED233;
			remoteInfo = hesapmakinesi;
		};
		E31B528B2E370154008ED233 /* PBXContainerItemProxy */ = {
			isa = PBXContainerItemProxy;
			containerPortal = E31B526B2E370153008ED233 /* Project object */;
			proxyType = 1;
			remoteGlobalIDString = E31B52722E370153008ED233;
			remoteInfo = hesapmakinesi;
		};
/* End PBXContainerItemProxy section */

/* Begin PBXFileReference section */
		E31B52732E370153008ED233 /* hesapmakinesi.app */ = {isa = PBXFileReference; explicitFileType = wrapper.application; includeInIndex = 0; path = hesapmakinesi.app; sourceTree = BUILT_PRODUCTS_DIR; };
		E31B52802E370154008ED233 /* hesapmakinesiTests.xctest */ = {isa = PBXFileReference; explicitFileType = wrapper.cfbundle; includeInIndex = 0; path = hesapmakinesiTests.xctest; sourceTree = BUILT_PRODUCTS_DIR; };
		E31B528A2E370154008ED233 /* hesapmakinesiUITests.xctest */ = {isa = PBXFileReference; explicitFileType = wrapper.cfbundle; includeInIndex = 0; path = hesapmakinesiUITests.xctest; sourceTree = BUILT_PRODUCTS_DIR; };
/* End PBXFileReference section */

/* Begin PBXFileSystemSynchronizedRootGroup section */
		E31B52752E370153008ED233 /* hesapmakinesi */ = {
			isa = PBXFileSystemSynchronizedRootGroup;
			path = hesapmakinesi;
			sourceTree = "<group>";
		};
		E31B52832E370154008ED233 /* hesapmakinesiTests */ = {
			isa = PBXFileSystemSynchronizedRootGroup;
			path = hesapmakinesiTests;
			sourceTree = "<group>";
		};
		E31B528D2E370154008ED233 /* hesapmakinesiUITests */ = {
			isa = PBXFileSystemSynchronizedRootGroup;
			path = hesapmakinesiUITests;
			sourceTree = "<group>";
		};
/* End PBXFileSystemSynchronizedRootGroup section */

/* Begin PBXFrameworksBuildPhase section */
		E31B52702E370153008ED233 /* Frameworks */ = {
			isa = PBXFrameworksBuildPhase;
			buildActionMask = 2147483647;
			files = (
			);
			runOnlyForDeploymentPostprocessing = 0;
		};
		E31B527D2E370154008ED233 /* Frameworks */ = {
			isa = PBXFrameworksBuildPhase;
			buildActionMask = 2147483647;
			files = (
			);
			runOnlyForDeploymentPostprocessing = 0;
		};
		E31B52872E370154008ED233 /* Frameworks */ = {
			isa = PBXFrameworksBuildPhase;
			buildActionMask = 2147483647;
			files = (
			);
			runOnlyForDeploymentPostprocessing = 0;
		};
/* End PBXFrameworksBuildPhase section */

/* Begin PBXGroup section */
		E31B526A2E370153008ED233 = {
			isa = PBXGroup;
			children = (
				E31B52752E370153008ED233 /* hesapmakinesi */,
				E31B52832E370154008ED233 /* hesapmakinesiTests */,
				E31B528D2E370154008ED233 /* hesapmakinesiUITests */,
				E31B52742E370153008ED233 /* Products */,
			);
			sourceTree = "<group>";
		};
		E31B52742E370153008ED233 /* Products */ = {
			isa = PBXGroup;
			children = (
				E31B52732E370153008ED233 /* hesapmakinesi.app */,
				E31B52802E370154008ED233 /* hesapmakinesiTests.xctest */,
				E31B528A2E370154008ED233 /* hesapmakinesiUITests.xctest */,
			);
			name = Products;
			sourceTree = "<group>";
		};
/* End PBXGroup section */

/* Begin PBXNativeTarget section */
		E31B52722E370153008ED233 /* hesapmakinesi */ = {
			isa = PBXNativeTarget;
			buildConfigurationList = E31B52942E370154008ED233 /* Build configuration list for PBXNativeTarget "hesapmakinesi" */;
			buildPhases = (
				E31B526F2E370153008ED233 /* Sources */,
				E31B52702E370153008ED233 /* Frameworks */,
				E31B52712E370153008ED233 /* Resources */,
			);
			buildRules = (
			);
			dependencies = (
			);
			fileSystemSynchronizedGroups = (
				E31B52752E370153008ED233 /* hesapmakinesi */,
			);
			name = hesapmakinesi;
			packageProductDependencies = (
			);
			productName = hesapmakinesi;
			productReference = E31B52732E370153008ED233 /* hesapmakinesi.app */;
			productType = "com.apple.product-type.application";
		};
		E31B527F2E370154008ED233 /* hesapmakinesiTests */ = {
			isa = PBXNativeTarget;
			buildConfigurationList = E31B52972E370154008ED233 /* Build configuration list for PBXNativeTarget "hesapmakinesiTests" */;
			buildPhases = (
				E31B527C2E370154008ED233 /* Sources */,
				E31B527D2E370154008ED233 /* Frameworks */,
				E31B527E2E370154008ED233 /* Resources */,
			);
			buildRules = (
			);
			dependencies = (
				E31B52822E370154008ED233 /* PBXTargetDependency */,
			);
			fileSystemSynchronizedGroups = (
				E31B52832E370154008ED233 /* hesapmakinesiTests */,
			);
			name = hesapmakinesiTests;
			packageProductDependencies = (
			);
			productName = hesapmakinesiTests;
			productReference = E31B52802E370154008ED233 /* hesapmakinesiTests.xctest */;
			productType = "com.apple.product-type.bundle.unit-test";
		};
		E31B52892E370154008ED233 /* hesapmakinesiUITests */ = {
			isa = PBXNativeTarget;
			buildConfigurationList = E31B529A2E370154008ED233 /* Build configuration list for PBXNativeTarget "hesapmakinesiUITests" */;
			buildPhases = (
				E31B52862E370154008ED233 /* Sources */,
				E31B52872E370154008ED233 /* Frameworks */,
				E31B52882E370154008ED233 /* Resources */,
			);
			buildRules = (
			);
			dependencies = (
				E31B528C2E370154008ED233 /* PBXTargetDependency */,
			);
			fileSystemSynchronizedGroups = (
				E31B528D2E370154008ED233 /* hesapmakinesiUITests */,
			);
			name = hesapmakinesiUITests;
			packageProductDependencies = (
			);
			productName = hesapmakinesiUITests;
			productReference = E31B528A2E370154008ED233 /* hesapmakinesiUITests.xctest */;
			productType = "com.apple.product-type.bundle.ui-testing";
		};
/* End PBXNativeTarget section */

/* Begin PBXProject section */
		E31B526B2E370153008ED233 /* Project object */ = {
			isa = PBXProject;
			attributes = {
				BuildIndependentTargetsInParallel = 1;
				LastSwiftUpdateCheck = 1640;
				LastUpgradeCheck = 1640;
				TargetAttributes = {
					E31B52722E370153008ED233 = {
						CreatedOnToolsVersion = 16.4;
					};
					E31B527F2E370154008ED233 = {
						CreatedOnToolsVersion = 16.4;
						TestTargetID = E31B52722E370153008ED233;
					};
					E31B52892E370154008ED233 = {
						CreatedOnToolsVersion = 16.4;
						TestTargetID = E31B52722E370153008ED233;
					};
				};
			};
			buildConfigurationList = E31B526E2E370153008ED233 /* Build configuration list for PBXProject "hesapmakinesi" */;
			developmentRegion = en;
			hasScannedForEncodings = 0;
			knownRegions = (
				en,
				Base,
			);
			mainGroup = E31B526A2E370153008ED233;
			minimizedProjectReferenceProxies = 1;
			preferredProjectObjectVersion = 77;
			productRefGroup = E31B52742E370153008ED233 /* Products */;
			projectDirPath = "";
			projectRoot = "";
			targets = (
				E31B52722E370153008ED233 /* hesapmakinesi */,
				E31B527F2E370154008ED233 /* hesapmakinesiTests */,
				E31B52892E370154008ED233 /* hesapmakinesiUITests */,
			);
		};
/* End PBXProject section */

/* Begin PBXResourcesBuildPhase section */
		E31B52712E370153008ED233 /* Resources */ = {
			isa = PBXResourcesBuildPhase;
			buildActionMask = 2147483647;
			files = (
			);
			runOnlyForDeploymentPostprocessing = 0;
		};
		E31B527E2E370154008ED233 /* Resources */ = {
			isa = PBXResourcesBuildPhase;
			buildActionMask = 2147483647;
			files = (
			);
			runOnlyForDeploymentPostprocessing = 0;
		};
		E31B52882E370154008ED233 /* Resources */ = {
			isa = PBXResourcesBuildPhase;
			buildActionMask = 2147483647;
			files = (
			);
			runOnlyForDeploymentPostprocessing = 0;
		};
/* End PBXResourcesBuildPhase section */

/* Begin PBXSourcesBuildPhase section */
		E31B526F2E370153008ED233 /* Sources */ = {
			isa = PBXSourcesBuildPhase;
			buildActionMask = 2147483647;
			files = (
			);
			runOnlyForDeploymentPostprocessing = 0;
		};
		E31B527C2E370154008ED233 /* Sources */ = {
			isa = PBXSourcesBuildPhase;
			buildActionMask = 2147483647;
			files = (
			);
			runOnlyForDeploymentPostprocessing = 0;
		};
		E31B52862E370154008ED233 /* Sources */ = {
			isa = PBXSourcesBuildPhase;
			buildActionMask = 2147483647;
			files = (
			);
			runOnlyForDeploymentPostprocessing = 0;
		};
/* End PBXSourcesBuildPhase section */

/* Begin PBXTargetDependency section */
		E31B52822E370154008ED233 /* PBXTargetDependency */ = {
			isa = PBXTargetDependency;
			target = E31B52722E370153008ED233 /* hesapmakinesi */;
			targetProxy = E31B52812E370154008ED233 /* PBXContainerItemProxy */;
		};
		E31B528C2E370154008ED233 /* PBXTargetDependency */ = {
			isa = PBXTargetDependency;
			target = E31B52722E370153008ED233 /* hesapmakinesi */;
			targetProxy = E31B528B2E370154008ED233 /* PBXContainerItemProxy */;
		};
/* End PBXTargetDependency section */

/* Begin XCBuildConfiguration section */
		E31B52922E370154008ED233 /* Debug */ = {
			isa = XCBuildConfiguration;
			buildSettings = {
				ALWAYS_SEARCH_USER_PATHS = NO;
				ASSETCATALOG_COMPILER_GENERATE_SWIFT_ASSET_SYMBOL_EXTENSIONS = YES;
				CLANG_ANALYZER_NONNULL = YES;
				CLANG_ANALYZER_NUMBER_OBJECT_CONVERSION = YES_AGGRESSIVE;
				CLANG_CXX_LANGUAGE_STANDARD = "gnu++20";
				CLANG_ENABLE_MODULES = YES;
				CLANG_ENABLE_OBJC_ARC = YES;
				CLANG_ENABLE_OBJC_WEAK = YES;
				CLANG_WARN_BLOCK_CAPTURE_AUTORELEASING = YES;
				CLANG_WARN_BOOL_CONVERSION = YES;
				CLANG_WARN_COMMA = YES;
				CLANG_WARN_CONSTANT_CONVERSION = YES;
				CLANG_WARN_DEPRECATED_OBJC_IMPLEMENTATIONS = YES;
				CLANG_WARN_DIRECT_OBJC_ISA_USAGE = YES_ERROR;
				CLANG_WARN_DOCUMENTATION_COMMENTS = YES;
				CLANG_WARN_EMPTY_BODY = YES;
				CLANG_WARN_ENUM_CONVERSION = YES;
				CLANG_WARN_INFINITE_RECURSION = YES;
				CLANG_WARN_INT_CONVERSION = YES;
				CLANG_WARN_NON_LITERAL_NULL_CONVERSION = YES;
				CLANG_WARN_OBJC_IMPLICIT_RETAIN_SELF = YES;
				CLANG_WARN_OBJC_LITERAL_CONVERSION = YES;
				CLANG_WARN_OBJC_ROOT_CLASS = YES_ERROR;
				CLANG_WARN_QUOTED_INCLUDE_IN_FRAMEWORK_HEADER = YES;
				CLANG_WARN_RANGE_LOOP_ANALYSIS = YES;
				CLANG_WARN_STRICT_PROTOTYPES = YES;
				CLANG_WARN_SUSPICIOUS_MOVE = YES;
				CLANG_WARN_UNGUARDED_AVAILABILITY = YES_AGGRESSIVE;
				CLANG_WARN_UNREACHABLE_CODE = YES;
				CLANG_WARN__DUPLICATE_METHOD_MATCH = YES;
				COPY_PHASE_STRIP = NO;
				DEBUG_INFORMATION_FORMAT = dwarf;
				DEVELOPMENT_TEAM = 248V473M84;
				ENABLE_STRICT_OBJC_MSGSEND = YES;
				ENABLE_TESTABILITY = YES;
				ENABLE_USER_SCRIPT_SANDBOXING = YES;
				GCC_C_LANGUAGE_STANDARD = gnu17;
				GCC_DYNAMIC_NO_PIC = NO;
				GCC_NO_COMMON_BLOCKS = YES;
				GCC_OPTIMIZATION_LEVEL = 0;
				GCC_PREPROCESSOR_DEFINITIONS = (
					"DEBUG=1",
					"$(inherited)",
				);
				GCC_WARN_64_TO_32_BIT_CONVERSION = YES;
				GCC_WARN_ABOUT_RETURN_TYPE = YES_ERROR;
				GCC_WARN_UNDECLARED_SELECTOR = YES;
				GCC_WARN_UNINITIALIZED_AUTOS = YES_AGGRESSIVE;
				GCC_WARN_UNUSED_FUNCTION = YES;
				GCC_WARN_UNUSED_VARIABLE = YES;
				IPHONEOS_DEPLOYMENT_TARGET = 18.5;
				LOCALIZATION_PREFERS_STRING_CATALOGS = YES;
				MTL_ENABLE_DEBUG_INFO = INCLUDE_SOURCE;
				MTL_FAST_MATH = YES;
				ONLY_ACTIVE_ARCH = YES;
				SDKROOT = iphoneos;
				SWIFT_ACTIVE_COMPILATION_CONDITIONS = "DEBUG $(inherited)";
				SWIFT_OPTIMIZATION_LEVEL = "-Onone";
			};
			name = Debug;
		};
		E31B52932E370154008ED233 /* Release */ = {
			isa = XCBuildConfiguration;
			buildSettings = {
				ALWAYS_SEARCH_USER_PATHS = NO;
				ASSETCATALOG_COMPILER_GENERATE_SWIFT_ASSET_SYMBOL_EXTENSIONS = YES;
				CLANG_ANALYZER_NONNULL = YES;
				CLANG_ANALYZER_NUMBER_OBJECT_CONVERSION = YES_AGGRESSIVE;
				CLANG_CXX_LANGUAGE_STANDARD = "gnu++20";
				CLANG_ENABLE_MODULES = YES;
				CLANG_ENABLE_OBJC_ARC = YES;
				CLANG_ENABLE_OBJC_WEAK = YES;
				CLANG_WARN_BLOCK_CAPTURE_AUTORELEASING = YES;
				CLANG_WARN_BOOL_CONVERSION = YES;
				CLANG_WARN_COMMA = YES;
				CLANG_WARN_CONSTANT_CONVERSION = YES;
				CLANG_WARN_DEPRECATED_OBJC_IMPLEMENTATIONS = YES;
				CLANG_WARN_DIRECT_OBJC_ISA_USAGE = YES_ERROR;
				CLANG_WARN_DOCUMENTATION_COMMENTS = YES;
				CLANG_WARN_EMPTY_BODY = YES;
				CLANG_WARN_ENUM_CONVERSION = YES;
				CLANG_WARN_INFINITE_RECURSION = YES;
				CLANG_WARN_INT_CONVERSION = YES;
				CLANG_WARN_NON_LITERAL_NULL_CONVERSION = YES;
				CLANG_WARN_OBJC_IMPLICIT_RETAIN_SELF = YES;
				CLANG_WARN_OBJC_LITERAL_CONVERSION = YES;
				CLANG_WARN_OBJC_ROOT_CLASS = YES_ERROR;
				CLANG_WARN_QUOTED_INCLUDE_IN_FRAMEWORK_HEADER = YES;
				CLANG_WARN_RANGE_LOOP_ANALYSIS = YES;
				CLANG_WARN_STRICT_PROTOTYPES = YES;
				CLANG_WARN_SUSPICIOUS_MOVE = YES;
				CLANG_WARN_UNGUARDED_AVAILABILITY = YES_AGGRESSIVE;
				CLANG_WARN_UNREACHABLE_CODE = YES;
				CLANG_WARN__DUPLICATE_METHOD_MATCH = YES;
				COPY_PHASE_STRIP = NO;
				DEBUG_INFORMATION_FORMAT = "dwarf-with-dsym";
				DEVELOPMENT_TEAM = 248V473M84;
				ENABLE_NS_ASSERTIONS = NO;
				ENABLE_STRICT_OBJC_MSGSEND = YES;
				ENABLE_USER_SCRIPT_SANDBOXING = YES;
				GCC_C_LANGUAGE_STANDARD = gnu17;
				GCC_NO_COMMON_BLOCKS = YES;
				GCC_WARN_64_TO_32_BIT_CONVERSION = YES;
				GCC_WARN_ABOUT_RETURN_TYPE = YES_ERROR;
				GCC_WARN_UNDECLARED_SELECTOR = YES;
				GCC_WARN_UNINITIALIZED_AUTOS = YES_AGGRESSIVE;
				GCC_WARN_UNUSED_FUNCTION = YES;
				GCC_WARN_UNUSED_VARIABLE = YES;
				IPHONEOS_DEPLOYMENT_TARGET = 18.5;
				LOCALIZATION_PREFERS_STRING_CATALOGS = YES;
				MTL_ENABLE_DEBUG_INFO = NO;
				MTL_FAST_MATH = YES;
				SDKROOT = iphoneos;
				SWIFT_COMPILATION_MODE = wholemodule;
				VALIDATE_PRODUCT = YES;
			};
			name = Release;
		};
		E31B52952E370154008ED233 /* Debug */ = {
			isa = XCBuildConfiguration;
			buildSettings = {
				ASSETCATALOG_COMPILER_APPICON_NAME = AppIcon;
				ASSETCATALOG_COMPILER_GLOBAL_ACCENT_COLOR_NAME = AccentColor;
				CODE_SIGN_STYLE = Automatic;
				CURRENT_PROJECT_VERSION = 1;
				DEVELOPMENT_TEAM = 248V473M84;
				ENABLE_PREVIEWS = YES;
				GENERATE_INFOPLIST_FILE = YES;
				INFOPLIST_KEY_UIApplicationSceneManifest_Generation = YES;
				INFOPLIST_KEY_UIApplicationSupportsIndirectInputEvents = YES;
				INFOPLIST_KEY_UILaunchScreen_Generation = YES;
				INFOPLIST_KEY_UISupportedInterfaceOrientations_iPad = "UIInterfaceOrientationPortrait UIInterfaceOrientationPortraitUpsideDown UIInterfaceOrientationLandscapeLeft UIInterfaceOrientationLandscapeRight";
				INFOPLIST_KEY_UISupportedInterfaceOrientations_iPhone = "UIInterfaceOrientationPortrait UIInterfaceOrientationLandscapeLeft UIInterfaceOrientationLandscapeRight";
				LD_RUNPATH_SEARCH_PATHS = (
					"$(inherited)",
					"@executable_path/Frameworks",
				);
				MARKETING_VERSION = 1.0;
				PRODUCT_BUNDLE_IDENTIFIER = venzox.hesapmakinesi;
				PRODUCT_NAME = "$(TARGET_NAME)";
				SWIFT_EMIT_LOC_STRINGS = YES;
				SWIFT_VERSION = 5.0;
				TARGETED_DEVICE_FAMILY = "1,2";
			};
			name = Debug;
		};
		E31B52962E370154008ED233 /* Release */ = {
			isa = XCBuildConfiguration;
			buildSettings = {
				ASSETCATALOG_COMPILER_APPICON_NAME = AppIcon;
				ASSETCATALOG_COMPILER_GLOBAL_ACCENT_COLOR_NAME = AccentColor;
				CODE_SIGN_STYLE = Automatic;
				CURRENT_PROJECT_VERSION = 1;
				DEVELOPMENT_TEAM = 248V473M84;
				ENABLE_PREVIEWS = YES;
				GENERATE_INFOPLIST_FILE = YES;
				INFOPLIST_KEY_UIApplicationSceneManifest_Generation = YES;
				INFOPLIST_KEY_UIApplicationSupportsIndirectInputEvents = YES;
				INFOPLIST_KEY_UILaunchScreen_Generation = YES;
				INFOPLIST_KEY_UISupportedInterfaceOrientations_iPad = "UIInterfaceOrientationPortrait UIInterfaceOrientationPortraitUpsideDown UIInterfaceOrientationLandscapeLeft UIInterfaceOrientationLandscapeRight";
				INFOPLIST_KEY_UISupportedInterfaceOrientations_iPhone = "UIInterfaceOrientationPortrait UIInterfaceOrientationLandscapeLeft UIInterfaceOrientationLandscapeRight";
				LD_RUNPATH_SEARCH_PATHS = (
					"$(inherited)",
					"@executable_path/Frameworks",
				);
				MARKETING_VERSION = 1.0;
				PRODUCT_BUNDLE_IDENTIFIER = venzox.hesapmakinesi;
				PRODUCT_NAME = "$(TARGET_NAME)";
				SWIFT_EMIT_LOC_STRINGS = YES;
				SWIFT_VERSION = 5.0;
				TARGETED_DEVICE_FAMILY = "1,2";
			};
			name = Release;
		};
		E31B52982E370154008ED233 /* Debug */ = {
			isa = XCBuildConfiguration;
			buildSettings = {
				BUNDLE_LOADER = "$(TEST_HOST)";
				CODE_SIGN_STYLE = Automatic;
				CURRENT_PROJECT_VERSION = 1;
				DEVELOPMENT_TEAM = 248V473M84;
				GENERATE_INFOPLIST_FILE = YES;
				IPHONEOS_DEPLOYMENT_TARGET = 18.5;
				MARKETING_VERSION = 1.0;
				PRODUCT_BUNDLE_IDENTIFIER = venzox.hesapmakinesiTests;
				PRODUCT_NAME = "$(TARGET_NAME)";
				SWIFT_EMIT_LOC_STRINGS = NO;
				SWIFT_VERSION = 5.0;
				TARGETED_DEVICE_FAMILY = "1,2";
				TEST_HOST = "$(BUILT_PRODUCTS_DIR)/hesapmakinesi.app/$(BUNDLE_EXECUTABLE_FOLDER_PATH)/hesapmakinesi";
			};
			name = Debug;
		};
		E31B52992E370154008ED233 /* Release */ = {
			isa = XCBuildConfiguration;
			buildSettings = {
				BUNDLE_LOADER = "$(TEST_HOST)";
				CODE_SIGN_STYLE = Automatic;
				CURRENT_PROJECT_VERSION = 1;
				DEVELOPMENT_TEAM = 248V473M84;
				GENERATE_INFOPLIST_FILE = YES;
				IPHONEOS_DEPLOYMENT_TARGET = 18.5;
				MARKETING_VERSION = 1.0;
				PRODUCT_BUNDLE_IDENTIFIER = venzox.hesapmakinesiTests;
				PRODUCT_NAME = "$(TARGET_NAME)";
				SWIFT_EMIT_LOC_STRINGS = NO;
				SWIFT_VERSION = 5.0;
				TARGETED_DEVICE_FAMILY = "1,2";
				TEST_HOST = "$(BUILT_PRODUCTS_DIR)/hesapmakinesi.app/$(BUNDLE_EXECUTABLE_FOLDER_PATH)/hesapmakinesi";
			};
			name = Release;
		};
		E31B529B2E370154008ED233 /* Debug */ = {
			isa = XCBuildConfiguration;
			buildSettings = {
				CODE_SIGN_STYLE = Automatic;
				CURRENT_PROJECT_VERSION = 1;
				DEVELOPMENT_TEAM = 248V473M84;
				GENERATE_INFOPLIST_FILE = YES;
				MARKETING_VERSION = 1.0;
				PRODUCT_BUNDLE_IDENTIFIER = venzox.hesapmakinesiUITests;
				PRODUCT_NAME = "$(TARGET_NAME)";
				SWIFT_EMIT_LOC_STRINGS = NO;
				SWIFT_VERSION = 5.0;
				TARGETED_DEVICE_FAMILY = "1,2";
				TEST_TARGET_NAME = hesapmakinesi;
			};
			name = Debug;
		};
		E31B529C2E370154008ED233 /* Release */ = {
			isa = XCBuildConfiguration;
			buildSettings = {
				CODE_SIGN_STYLE = Automatic;
				CURRENT_PROJECT_VERSION = 1;
				DEVELOPMENT_TEAM = 248V473M84;
				GENERATE_INFOPLIST_FILE = YES;
				MARKETING_VERSION = 1.0;
				PRODUCT_BUNDLE_IDENTIFIER = venzox.hesapmakinesiUITests;
				PRODUCT_NAME = "$(TARGET_NAME)";
				SWIFT_EMIT_LOC_STRINGS = NO;
				SWIFT_VERSION = 5.0;
				TARGETED_DEVICE_FAMILY = "1,2";
				TEST_TARGET_NAME = hesapmakinesi;
			};
			name = Release;
		};
/* End XCBuildConfiguration section */

/* Begin XCConfigurationList section */
		E31B526E2E370153008ED233 /* Build configuration list for PBXProject "hesapmakinesi" */ = {
			isa = XCConfigurationList;
			buildConfigurations = (
				E31B52922E370154008ED233 /* Debug */,
				E31B52932E370154008ED233 /* Release */,
			);
			defaultConfigurationIsVisible = 0;
			defaultConfigurationName = Release;
		};
		E31B52942E370154008ED233 /* Build configuration list for PBXNativeTarget "hesapmakinesi" */ = {
			isa = XCConfigurationList;
			buildConfigurations = (
				E31B52952E370154008ED233 /* Debug */,
				E31B52962E370154008ED233 /* Release */,
			);
			defaultConfigurationIsVisible = 0;
			defaultConfigurationName = Release;
		};
		E31B52972E370154008ED233 /* Build configuration list for PBXNativeTarget "hesapmakinesiTests" */ = {
			isa = XCConfigurationList;
			buildConfigurations = (
				E31B52982E370154008ED233 /* Debug */,
				E31B52992E370154008ED233 /* Release */,
			);
			defaultConfigurationIsVisible = 0;
			defaultConfigurationName = Release;
		};
		E31B529A2E370154008ED233 /* Build configuration list for PBXNativeTarget "hesapmakinesiUITests" */ = {
			isa = XCConfigurationList;
			buildConfigurations = (
				E31B529B2E370154008ED233 /* Debug */,
				E31B529C2E370154008ED233 /* Release */,
			);
			defaultConfigurationIsVisible = 0;
			defaultConfigurationName = Release;
		};
/* End XCConfigurationList section */
	};
	rootObject = E31B526B2E370153008ED233 /* Project object */;
}
